uuid: d3abb43d-7f32-4690-bfe3-003a6ba490db
langcode: en
status: true
dependencies:
  module:
    - amap
    - system
    - user
  theme:
    - nrs_adminimal_theme
_core:
  default_config_hash: 0vlkq_UuU93nhbAfqGzOooDyWv5Q8WxO-7FhWl12FPA
id: nrs_adminimal_theme_amapblock
theme: nrs_adminimal_theme
region: sidebar_first
weight: -9
provider: null
plugin: amap_block
settings:
  id: amap_block
  label: 'RT Dashboard State Status Map'
  provider: amap
  label_display: '0'
  svg_url: /data/rt/statestatus
  svg_url_path: '3'
  svg_eid_mn: state_abbr
  svg_eid_class_mn: state_class
  svg_eid_style_mn: ''
  svg_eid_url_mn: state_url
visibility:
  request_path:
    id: request_path
    pages: '/fed/dashboard/*'
    negate: false
    context_mapping: {  }
  user_role:
    id: user_role
    roles:
      federal_user: federal_user
      federal_administrator: federal_administrator
      administrator: administrator
    negate: false
    context_mapping:
      user: '@user.current_user_context:current_user'
